
Microsoft Visual Studio Solution File, Format Version 12.00
# Visual Studio Version 17
VisualStudioVersion = 17.8.34330.188
MinimumVisualStudioVersion = 10.0.40219.1
Project("{9A19103F-16F7-4668-BE54-9A1E7A4F7556}") = "Inferno-Validator", "Inferno-Validator\Inferno-Validator.csproj", "{1A6D5247-6D1B-4C4B-8AAC-92C35187902E}"
EndProject
Project("{9A19103F-16F7-4668-BE54-9A1E7A4F7556}") = "InfernoValidatorTests", "InfernoValidatorTests\InfernoValidatorTests.csproj", "{BF4E256D-6020-4F97-8A3D-3B3B3A7A24FC}"
EndProject
Global
	GlobalSection(SolutionConfigurationPlatforms) = preSolution
		Debug|Any CPU = Debug|Any CPU
		Release|Any CPU = Release|Any CPU
	EndGlobalSection
	GlobalSection(ProjectConfigurationPlatforms) = postSolution
		{1A6D5247-6D1B-4C4B-8AAC-92C35187902E}.Debug|Any CPU.ActiveCfg = Debug|Any CPU
		{1A6D5247-6D1B-4C4B-8AAC-92C35187902E}.Debug|Any CPU.Build.0 = Debug|Any CPU
		{1A6D5247-6D1B-4C4B-8AAC-92C35187902E}.Release|Any CPU.ActiveCfg = Release|Any CPU
		{1A6D5247-6D1B-4C4B-8AAC-92C35187902E}.Release|Any CPU.Build.0 = Release|Any CPU
		{BF4E256D-6020-4F97-8A3D-3B3B3A7A24FC}.Debug|Any CPU.ActiveCfg = Debug|Any CPU
		{BF4E256D-6020-4F97-8A3D-3B3B3A7A24FC}.Debug|Any CPU.Build.0 = Debug|Any CPU
		{BF4E256D-6020-4F97-8A3D-3B3B3A7A24FC}.Release|Any CPU.ActiveCfg = Release|Any CPU
		{BF4E256D-6020-4F97-8A3D-3B3B3A7A24FC}.Release|Any CPU.Build.0 = Release|Any CPU
	EndGlobalSection
	GlobalSection(SolutionProperties) = preSolution
		HideSolutionNode = FALSE
	EndGlobalSection
	GlobalSection(ExtensibilityGlobals) = postSolution
		SolutionGuid = {3D4B7557-9AF5-4B63-8173-3B2C8FD48325}
	EndGlobalSection
EndGlobal
